PODS:
  - STAnnotation (0.0.1)
  - STComponentTools (0.0.4):
    - STComponentTools/STModuleService (= 0.0.4)
    - STComponentTools/STRouter (= 0.0.4)
  - STComponentTools/STModuleService (0.0.4):
    - STAnnotation
  - STComponentTools/STRouter (0.0.4):
    - STAnnotation

DEPENDENCIES:
  - STComponentTools (from `../`)

SPEC REPOS:
  https://github.com/STTechnology5652/STSpecs.git:
    - STAnnotation

EXTERNAL SOURCES:
  STComponentTools:
    :path: "../"

SPEC CHECKSUMS:
  STAnnotation: ea0dcdbf740b57237d29384c521e4887d00031df
  STComponentTools: 8b336df5900834dea05856bd4bc0ed4355a554ad

PODFILE CHECKSUM: 871ee2dbfb1d79ec79931783a3c7c1967eaa4615

COCOAPODS: 1.14.3
